
Microsoft Visual Studio Solution File, Format Version 12.00
# Visual Studio Version 16
VisualStudioVersion = 16.0.32602.291
MinimumVisualStudioVersion = 10.0.40219.1
Project("{FAE04EC0-301F-11D3-BF4B-00C04F79EFBC}") = "5TTI-Ramsamy_Ewan-Jeu_de_dame", "5TTI-Ramsamy_Ewan-Jeu_de_dame\5TTI-Ramsamy_Ewan-Jeu_de_dame.csproj", "{314F7D36-4BEA-4730-A082-F47A0DB02846}"
EndProject
Global
	GlobalSection(SolutionConfigurationPlatforms) = preSolution
		Debug|Any CPU = Debug|Any CPU
		Release|Any CPU = Release|Any CPU
	EndGlobalSection
	GlobalSection(ProjectConfigurationPlatforms) = postSolution
		{314F7D36-4BEA-4730-A082-F47A0DB02846}.Debug|Any CPU.ActiveCfg = Debug|Any CPU
		{314F7D36-4BEA-4730-A082-F47A0DB02846}.Debug|Any CPU.Build.0 = Debug|Any CPU
		{314F7D36-4BEA-4730-A082-F47A0DB02846}.Release|Any CPU.ActiveCfg = Release|Any CPU
		{314F7D36-4BEA-4730-A082-F47A0DB02846}.Release|Any CPU.Build.0 = Release|Any CPU
	EndGlobalSection
	GlobalSection(SolutionProperties) = preSolution
		HideSolutionNode = FALSE
	EndGlobalSection
	GlobalSection(ExtensibilityGlobals) = postSolution
		SolutionGuid = {F1661922-D457-42C3-95AC-E53282D2A37A}
	EndGlobalSection
EndGlobal
